
Microsoft Visual Studio Solution File, Format Version 12.00
# Visual Studio Version 16
VisualStudioVersion = 16.0.30413.136
MinimumVisualStudioVersion = 10.0.40219.1
Project("{9A19103F-16F7-4668-BE54-9A1E7A4F7556}") = "ServiceA", "ServiceA\ServiceA.csproj", "{BF029887-BE73-403E-A068-78D4CB23E605}"
EndProject
Project("{9A19103F-16F7-4668-BE54-9A1E7A4F7556}") = "ServiceB", "ServiceB\ServiceB.csproj", "{90452A17-BBCC-4772-9532-C9D60E4FEF08}"
EndProject
Project("{E53339B2-1760-4266-BCC7-CA923CBCF16C}") = "docker-compose", "docker-compose.dcproj", "{80EDD56A-A61A-4AFB-937E-A0A8CF506B7B}"
EndProject
Project("{9A19103F-16F7-4668-BE54-9A1E7A4F7556}") = "Models", "Models\Models.csproj", "{6DB0CAC0-8524-4476-9828-59EC2A595AB4}"
EndProject
Project("{FAE04EC0-301F-11D3-BF4B-00C04F79EFBC}") = "ServiceC", "ServiceC\ServiceC.csproj", "{3158A581-2394-4780-BA2B-4F3C5857A228}"
EndProject
Global
	GlobalSection(SolutionConfigurationPlatforms) = preSolution
		Debug|Any CPU = Debug|Any CPU
		Release|Any CPU = Release|Any CPU
	EndGlobalSection
	GlobalSection(ProjectConfigurationPlatforms) = postSolution
		{BF029887-BE73-403E-A068-78D4CB23E605}.Debug|Any CPU.ActiveCfg = Debug|Any CPU
		{BF029887-BE73-403E-A068-78D4CB23E605}.Debug|Any CPU.Build.0 = Debug|Any CPU
		{BF029887-BE73-403E-A068-78D4CB23E605}.Release|Any CPU.ActiveCfg = Release|Any CPU
		{BF029887-BE73-403E-A068-78D4CB23E605}.Release|Any CPU.Build.0 = Release|Any CPU
		{90452A17-BBCC-4772-9532-C9D60E4FEF08}.Debug|Any CPU.ActiveCfg = Debug|Any CPU
		{90452A17-BBCC-4772-9532-C9D60E4FEF08}.Debug|Any CPU.Build.0 = Debug|Any CPU
		{90452A17-BBCC-4772-9532-C9D60E4FEF08}.Release|Any CPU.ActiveCfg = Release|Any CPU
		{90452A17-BBCC-4772-9532-C9D60E4FEF08}.Release|Any CPU.Build.0 = Release|Any CPU
		{80EDD56A-A61A-4AFB-937E-A0A8CF506B7B}.Debug|Any CPU.ActiveCfg = Debug|Any CPU
		{80EDD56A-A61A-4AFB-937E-A0A8CF506B7B}.Debug|Any CPU.Build.0 = Debug|Any CPU
		{80EDD56A-A61A-4AFB-937E-A0A8CF506B7B}.Release|Any CPU.ActiveCfg = Release|Any CPU
		{80EDD56A-A61A-4AFB-937E-A0A8CF506B7B}.Release|Any CPU.Build.0 = Release|Any CPU
		{6DB0CAC0-8524-4476-9828-59EC2A595AB4}.Debug|Any CPU.ActiveCfg = Debug|Any CPU
		{6DB0CAC0-8524-4476-9828-59EC2A595AB4}.Debug|Any CPU.Build.0 = Debug|Any CPU
		{6DB0CAC0-8524-4476-9828-59EC2A595AB4}.Release|Any CPU.ActiveCfg = Release|Any CPU
		{6DB0CAC0-8524-4476-9828-59EC2A595AB4}.Release|Any CPU.Build.0 = Release|Any CPU
		{3158A581-2394-4780-BA2B-4F3C5857A228}.Debug|Any CPU.ActiveCfg = Debug|Any CPU
		{3158A581-2394-4780-BA2B-4F3C5857A228}.Debug|Any CPU.Build.0 = Debug|Any CPU
		{3158A581-2394-4780-BA2B-4F3C5857A228}.Release|Any CPU.ActiveCfg = Release|Any CPU
		{3158A581-2394-4780-BA2B-4F3C5857A228}.Release|Any CPU.Build.0 = Release|Any CPU
	EndGlobalSection
	GlobalSection(SolutionProperties) = preSolution
		HideSolutionNode = FALSE
	EndGlobalSection
	GlobalSection(ExtensibilityGlobals) = postSolution
		SolutionGuid = {42EE891D-431C-496C-8590-80BF6D12EE29}
	EndGlobalSection
EndGlobal
